<?xml version="1.0" encoding="utf-8"?>
<Project ToolsVersion="4.0" xmlns="http://schemas.microsoft.com/developer/msbuild/2003">
  <ItemGroup>
    <Filter Include="Archivos de origen">
      <UniqueIdentifier>{4FC737F1-C7A5-4376-A066-2A32D752A2FF}</UniqueIdentifier>
      <Extensions>cpp;c;cc;cxx;c++;cppm;ixx;def;odl;idl;hpj;bat;asm;asmx</Extensions>
    </Filter>
    <Filter Include="Archivos de encabezado">
      <UniqueIdentifier>{93995380-89BD-4b04-88EB-625FBE52EBFB}</UniqueIdentifier>
      <Extensions>h;hh;hpp;hxx;h++;hm;inl;inc;ipp;xsd</Extensions>
    </Filter>
    <Filter Include="Archivos de recursos">
      <UniqueIdentifier>{67DA6AB6-F800-4c08-8B7A-83BB121AAD01}</UniqueIdentifier>
      <Extensions>rc;ico;cur;bmp;dlg;rc2;rct;bin;rgs;gif;jpg;jpeg;jpe;resx;tiff;tif;png;wav;mfcribbon-ms</Extensions>
    </Filter>
    <Filter Include="Archivos de origen\Controladores">
      <UniqueIdentifier>{44d596fc-33a0-4f2f-9aac-01ff87cf88f6}</UniqueIdentifier>
    </Filter>
    <Filter Include="Archivos de origen\Modelos">
      <UniqueIdentifier>{4f683dcf-44fd-48b7-ac5e-741636d20fa6}</UniqueIdentifier>
    </Filter>
    <Filter Include="Archivos de encabezado\Controladores">
      <UniqueIdentifier>{c10eb6de-4596-4240-a002-da94b77a5761}</UniqueIdentifier>
    </Filter>
    <Filter Include="Archivos de encabezado\Modelos">
      <UniqueIdentifier>{c6e35980-5eda-4f37-a166-5e30cb876bc7}</UniqueIdentifier>
    </Filter>
    <Filter Include="Archivos de encabezado\LibraryModel">
      <UniqueIdentifier>{a8b591ac-bb74-435a-9564-a460b4666b9f}</UniqueIdentifier>
    </Filter>
    <Filter Include="Archivos de encabezado\Factories">
      <UniqueIdentifier>{4f5e90fc-fd44-46b7-8654-c1864a08f05e}</UniqueIdentifier>
    </Filter>
    <Filter Include="Archivos de encabezado\DbFramework">
      <UniqueIdentifier>{58d02c3b-6e13-432b-a57f-41d927090947}</UniqueIdentifier>
    </Filter>
    <Filter Include="Archivos de origen\Factories">
      <UniqueIdentifier>{d6ec09a4-e6c0-47fe-ac53-dce096f9aa45}</UniqueIdentifier>
    </Filter>
    <Filter Include="Archivos de origen\DbFramework">
      <UniqueIdentifier>{ae341c88-c33b-449e-b43c-1834b123d451}</UniqueIdentifier>
    </Filter>
    <Filter Include="Archivos de origen\LibraryModel">
      <UniqueIdentifier>{5357854b-5f6b-4b07-b836-92bd754e4695}</UniqueIdentifier>
    </Filter>
  </ItemGroup>
  <ItemGroup>
    <ClInclude Include="framework.h">
      <Filter>Archivos de encabezado</Filter>
    </ClInclude>
    <ClInclude Include="targetver.h">
      <Filter>Archivos de encabezado</Filter>
    </ClInclude>
    <ClInclude Include="Resource.h">
      <Filter>Archivos de encabezado</Filter>
    </ClInclude>
    <ClInclude Include="Main.h">
      <Filter>Archivos de encabezado</Filter>
    </ClInclude>
    <ClInclude Include="QuoteWindowController.h">
      <Filter>Archivos de encabezado\Controladores</Filter>
    </ClInclude>
    <ClInclude Include="SettingsWindowController.h">
      <Filter>Archivos de encabezado\Controladores</Filter>
    </ClInclude>
    <ClInclude Include="QuotesHistoryWindowController.h">
      <Filter>Archivos de encabezado\Controladores</Filter>
    </ClInclude>
    <ClInclude Include="MainWindowController.h">
      <Filter>Archivos de encabezado\Controladores</Filter>
    </ClInclude>
    <ClInclude Include="WindowController.h">
      <Filter>Archivos de encabezado\Controladores</Filter>
    </ClInclude>
    <ClInclude Include="Garment.h">
      <Filter>Archivos de encabezado\Modelos</Filter>
    </ClInclude>
    <ClInclude Include="Quotation.h">
      <Filter>Archivos de encabezado\Modelos</Filter>
    </ClInclude>
    <ClInclude Include="Seller.h">
      <Filter>Archivos de encabezado\Modelos</Filter>
    </ClInclude>
    <ClInclude Include="Store.h">
      <Filter>Archivos de encabezado\Modelos</Filter>
    </ClInclude>
    <ClInclude Include="Pants.h">
      <Filter>Archivos de encabezado\Modelos</Filter>
    </ClInclude>
    <ClInclude Include="Shirt.h">
      <Filter>Archivos de encabezado\Modelos</Filter>
    </ClInclude>
    <ClInclude Include="Utils.h">
      <Filter>Archivos de encabezado</Filter>
    </ClInclude>
    <ClInclude Include="Book.h">
      <Filter>Archivos de encabezado\LibraryModel</Filter>
    </ClInclude>
    <ClInclude Include="Partner.h">
      <Filter>Archivos de encabezado\LibraryModel</Filter>
    </ClInclude>
    <ClInclude Include="PartnerVIP.h">
      <Filter>Archivos de encabezado\LibraryModel</Filter>
    </ClInclude>
    <ClInclude Include="Loan.h">
      <Filter>Archivos de encabezado\LibraryModel</Filter>
    </ClInclude>
    <ClInclude Include="Exemplary.h">
      <Filter>Archivos de encabezado\LibraryModel</Filter>
    </ClInclude>
    <ClInclude Include="DbContextLibrary.h">
      <Filter>Archivos de encabezado\DbFramework</Filter>
    </ClInclude>
    <ClInclude Include="DbModelItem.h">
      <Filter>Archivos de encabezado\DbFramework</Filter>
    </ClInclude>
    <ClInclude Include="BookFactory.h">
      <Filter>Archivos de encabezado\Factories</Filter>
    </ClInclude>
    <ClInclude Include="ExemplaryFactory.h">
      <Filter>Archivos de encabezado\Factories</Filter>
    </ClInclude>
    <ClInclude Include="PartnerFactory.h">
      <Filter>Archivos de encabezado\Factories</Filter>
    </ClInclude>
    <ClInclude Include="DbTable.h">
      <Filter>Archivos de encabezado\DbFramework</Filter>
    </ClInclude>
    <ClInclude Include="DbTableExample.h">
      <Filter>Archivos de encabezado\DbFramework</Filter>
    </ClInclude>
    <ClInclude Include="LoanFactory.h">
      <Filter>Archivos de encabezado\Factories</Filter>
    </ClInclude>
  </ItemGroup>
  <ItemGroup>
    <ClCompile Include="MainWindowController.cpp">
      <Filter>Archivos de origen\Controladores</Filter>
    </ClCompile>
    <ClCompile Include="QuotesHistoryWindowController.cpp">
      <Filter>Archivos de origen\Controladores</Filter>
    </ClCompile>
    <ClCompile Include="QuoteWindowController.cpp">
      <Filter>Archivos de origen\Controladores</Filter>
    </ClCompile>
    <ClCompile Include="SettingsWindowController.cpp">
      <Filter>Archivos de origen\Controladores</Filter>
    </ClCompile>
    <ClCompile Include="WindowController.cpp">
      <Filter>Archivos de origen\Controladores</Filter>
    </ClCompile>
    <ClCompile Include="Garment.cpp">
      <Filter>Archivos de origen\Modelos</Filter>
    </ClCompile>
    <ClCompile Include="Store.cpp">
      <Filter>Archivos de origen\Modelos</Filter>
    </ClCompile>
    <ClCompile Include="Seller.cpp">
      <Filter>Archivos de origen\Modelos</Filter>
    </ClCompile>
    <ClCompile Include="Pants.cpp">
      <Filter>Archivos de origen\Modelos</Filter>
    </ClCompile>
    <ClCompile Include="Shirt.cpp">
      <Filter>Archivos de origen\Modelos</Filter>
    </ClCompile>
    <ClCompile Include="Quotation.cpp">
      <Filter>Archivos de origen\Modelos</Filter>
    </ClCompile>
    <ClCompile Include="Main.cpp">
      <Filter>Archivos de origen</Filter>
    </ClCompile>
    <ClCompile Include="Utils.cpp">
      <Filter>Archivos de origen</Filter>
    </ClCompile>
    <ClCompile Include="BookFactory.cpp">
      <Filter>Archivos de origen\Factories</Filter>
    </ClCompile>
    <ClCompile Include="ExemplaryFactory.cpp">
      <Filter>Archivos de origen\Factories</Filter>
    </ClCompile>
    <ClCompile Include="PartnerFactory.cpp">
      <Filter>Archivos de origen\Factories</Filter>
    </ClCompile>
    <ClCompile Include="LoanFactory.cpp">
      <Filter>Archivos de origen\Factories</Filter>
    </ClCompile>
    <ClCompile Include="DbContextLibrary.cpp">
      <Filter>Archivos de origen\DbFramework</Filter>
    </ClCompile>
    <ClCompile Include="DbTableExample.cpp">
      <Filter>Archivos de origen\DbFramework</Filter>
    </ClCompile>
    <ClCompile Include="DbTable.cpp">
      <Filter>Archivos de origen\DbFramework</Filter>
    </ClCompile>
    <ClCompile Include="DbModelItem.cpp">
      <Filter>Archivos de origen\DbFramework</Filter>
    </ClCompile>
    <ClCompile Include="Book.cpp">
      <Filter>Archivos de origen\LibraryModel</Filter>
    </ClCompile>
    <ClCompile Include="Exemplary.cpp">
      <Filter>Archivos de origen\LibraryModel</Filter>
    </ClCompile>
    <ClCompile Include="Loan.cpp">
      <Filter>Archivos de origen\LibraryModel</Filter>
    </ClCompile>
    <ClCompile Include="ParternVIP.cpp">
      <Filter>Archivos de origen\LibraryModel</Filter>
    </ClCompile>
    <ClCompile Include="Partner.cpp">
      <Filter>Archivos de origen\LibraryModel</Filter>
    </ClCompile>
  </ItemGroup>
  <ItemGroup>
    <ResourceCompile Include="TiendaCPP.rc">
      <Filter>Archivos de recursos</Filter>
    </ResourceCompile>
  </ItemGroup>
  <ItemGroup>
    <Image Include="small.ico">
      <Filter>Archivos de recursos</Filter>
    </Image>
    <Image Include="TiendaCPP.ico">
      <Filter>Archivos de recursos</Filter>
    </Image>
  </ItemGroup>
</Project>